# THIS IS AN AUTOGENERATED FILE. DO NOT EDIT THIS FILE DIRECTLY.
# yarn lockfile v1


"@isaacs/cliui@^8.0.2":
  version "8.0.2"
  resolved "https://registry.yarnpkg.com/@isaacs/cliui/-/cliui-8.0.2.tgz#b37667b7bc181c168782259bab42474fbf52b550"
  integrity sha512-O8jcjabXaleOG9DQ0+ARXWZBTfnP4WNAqzuiJK7ll44AmxGKv/J2M4TPjxjY3znBCfvBXFzucm1twdyFybFqEA==
  dependencies:
    string-width "^5.1.2"
    string-width-cjs "npm:string-width@^4.2.0"
    strip-ansi "^7.0.1"
    strip-ansi-cjs "npm:strip-ansi@^6.0.1"
    wrap-ansi "^8.1.0"
    wrap-ansi-cjs "npm:wrap-ansi@^7.0.0"

"@pkgjs/parseargs@^0.11.0":
  version "0.11.0"
  resolved "https://registry.yarnpkg.com/@pkgjs/parseargs/-/parseargs-0.11.0.tgz#a77ea742fab25775145434eb1d2328cf5013ac33"
  integrity sha512-+1VkjdD0QBLPodGrJUeqarH8VAIvQODIbwh9XpP5Syisf7YoQgsJKPNFoqqLQlu+VQ/tVSshMR6loPMn8U+dPg==

accepts@~1.3.8:
  version "1.3.8"
  resolved "https://registry.yarnpkg.com/accepts/-/accepts-1.3.8.tgz#0bf0be125b67014adcb0b0921e62db7bffe16b2e"
  integrity sha512-PYAthTa2m2VKxuvSD3DPC/Gy+U+sOA1LAuT8mkmRuvw+NACSaeXEQ+NHcVF7rONl6qcaxV3Uuemwawk+7+SJLw==
  dependencies:
    mime-types "~2.1.34"
    negotiator "0.6.3"

agent-base@6:
  version "6.0.2"
  resolved "https://registry.yarnpkg.com/agent-base/-/agent-base-6.0.2.tgz#49fff58577cfee3f37176feab4c22e00f86d7f77"
  integrity sha512-RZNwNclF7+MS/8bDg70amg32dyeZGZxiDuQmZxKLAlQjr3jGyLx+4Kkk58UO7D2QdgFIQCovuSuZESne6RG6XQ==
  dependencies:
    debug "4"

agent-base@^7.1.2:
  version "7.1.4"
  resolved "https://registry.yarnpkg.com/agent-base/-/agent-base-7.1.4.tgz#e3cd76d4c548ee895d3c3fd8dc1f6c5b9032e7a8"
  integrity sha512-MnA+YT8fwfJPgBx3m60MNqakm30XOkyIoH1y6huTQvC0PwZG7ki8NacLBcrPbNoo8vEZy7Jpuk7+jMO+CUovTQ==

ansi-regex@^5.0.1:
  version "5.0.1"
  resolved "https://registry.yarnpkg.com/ansi-regex/-/ansi-regex-5.0.1.tgz#082cb2c89c9fe8659a311a53bd6a4dc5301db304"
  integrity sha512-quJQXlTSUGL2LH9SUXo8VwsY4soanhgo6LNSm84E1LBcE8s3O0wpdiRzyR9z/ZZJMlMWv37qOOb9pdJlMUEKFQ==

ansi-regex@^6.0.1:
  version "6.2.2"
  resolved "https://registry.yarnpkg.com/ansi-regex/-/ansi-regex-6.2.2.tgz#60216eea464d864597ce2832000738a0589650c1"
  integrity sha512-Bq3SmSpyFHaWjPk8If9yc6svM8c56dB5BAtW4Qbw5jHTwwXXcTLoRMkpDJp6VL0XzlWaCHTXrkFURMYmD0sLqg==

ansi-styles@^4.0.0:
  version "4.3.0"
  resolved "https://registry.yarnpkg.com/ansi-styles/-/ansi-styles-4.3.0.tgz#edd803628ae71c04c85ae7a0906edad34b648937"
  integrity sha512-zbB9rCJAT1rbjiVDb2hqKFHNYLxgtk8NURxZ3IZwD3F6NtxbXZQCnnSi1Lkx+IDohdPlFp222wVALIheZJQSEg==
  dependencies:
    color-convert "^2.0.1"

ansi-styles@^6.1.0:
  version "6.2.3"
  resolved "https://registry.yarnpkg.com/ansi-styles/-/ansi-styles-6.2.3.tgz#c044d5dcc521a076413472597a1acb1f103c4041"
  integrity sha512-4Dj6M28JB+oAH8kFkTLUo+a2jwOFkuqb3yucU0CANcRRUbxS0cP0nZYCGjcc3BNXwRIsUVmDGgzawme7zvJHvg==

array-flatten@1.1.1:
  version "1.1.1"
  resolved "https://registry.yarnpkg.com/array-flatten/-/array-flatten-1.1.1.tgz#9a5f699051b1e7073328f2a008968b64ea2955d2"
  integrity sha512-PCVAQswWemu6UdxsDFFX/+gVeYqKAod3D3UVm91jHwynguOwAvYPhx8nNlM++NqRcK6CxxpUafjmhIdKiHibqg==

asynckit@^0.4.0:
  version "0.4.0"
  resolved "https://registry.yarnpkg.com/asynckit/-/asynckit-0.4.0.tgz#c79ed97f7f34cb8f2ba1bc9790bcc366474b4b79"
  integrity sha512-Oei9OH4tRh0YqU3GxhX79dM/mwVgvbZJaSNaRk+bshkj0S5cfHcgYakreBjrHwatXKbz+IoIdYLxrKim2MjW0Q==

axios@^1.12.0:
  version "1.13.2"
  resolved "https://registry.yarnpkg.com/axios/-/axios-1.13.2.tgz#9ada120b7b5ab24509553ec3e40123521117f687"
  integrity sha512-VPk9ebNqPcy5lRGuSlKx752IlDatOjT9paPlm8A7yOuW2Fbvp4X3JznJtT4f0GzGLLiWE9W8onz51SqLYwzGaA==
  dependencies:
    follow-redirects "^1.15.6"
    form-data "^4.0.4"

body-parser@1.20.2:
  version "1.20.2"
  resolved "https://registry.yarnpkg.com/body-parser/-/body-parser-1.20.2.tgz#43e8cddb789f6a2c86396d7a10587d7223c6d6bf"
  integrity sha512-+s6G1gNGIQnUZ8U2bLNE8V6u4Fhq1TQYtubS7S4nRLTw4nG6dzQZyTtPPxn3tYf6x3Z8imnT0Q87vq1gkPGy4g==
  dependencies:
    bytes "3.1.2"
    content-type "~1.0.5"
    debug "2.6.9"
    depd "2.0.0"
    destroy "1.2.0"
    http-errors "2.0.0"
    iconv-lite "0.4.24"
    on-finished "2.4.1"
    qs "6.11.0"
    raw-body "2.5.2"
    type-is "~1.6.18"
    unpipe "1.0.0"

bytes@3.1.2:
  version "3.1.2"
  resolved "https://registry.yarnpkg.com/bytes/-/bytes-3.1.2.tgz#8b1773ec5e2e9b419d4c6a9ec596a1e33f3b4b8b"
  integrity sha512-tA4U9FfyL1TRWEn9r0Zx7C5Q0QkGqlJfXl1cKh1gZPK3F6aPzXWqL+oYg8oUj64+FTNY4i7Ef4Ge2qkC1WttKg==

call-bind@^1.0.2:
  version "1.0.7"
  resolved "https://registry.yarnpkg.com/call-bind/-/call-bind-1.0.7.tgz#0c0c0c6f4fd5f4d42e9ac1d8d2b3fef1ef2f410b"
  integrity sha512-1s9c2f8M6zVC6a5IM2JDgU1gK0ir1m02P68w2dY3PqO+0EO9IY0sE6r8v2mJ8T1USOLQj1JdPiGZ2czb2w+f1g==
  dependencies:
    es-define-property "^1.0.0"
    get-intrinsic "^1.2.4"
    set-function-length "^1.1.1"

color-convert@^2.0.1:
  version "2.0.1"
  resolved "https://registry.yarnpkg.com/color-convert/-/color-convert-2.0.1.tgz#72d3a7b6f7cf06b6e9a9ae6e1cfd0d11fbe0ac91"
  integrity sha512-RREhHCE3eiZ/NG1fZ8SFC2S7qu0t2x7c9O4Hx5c3D/7rd0fTV1i3p7UEe4mJHk09C3F58f5X0yb4Zxv3b2I3qA==
  dependencies:
    color-name "~1.1.4"

color-name@~1.1.4:
  version "1.1.4"
  resolved "https://registry.yarnpkg.com/color-name/-/color-name-1.1.4.tgz#c2a9c73c8a73a646d3f9d62a6b7b0c9c35d7b5d1"
  integrity sha512-h1pygOQ9xMe4uMe4nGkHCSOmgW4XxF73gceM7JYgO3bsxg2L9P1Kq1r0se7TtXG8fTz8a0rOyzGZ5kj9R2bB0w==

content-disposition@0.5.4:
  version "0.5.4"
  resolved "https://registry.yarnpkg.com/content-disposition/-/content-disposition-0.5.4.tgz#1d3a77f3e0e3c8edb0a2c919d7c9d423c0b2a3c8"
  integrity sha512-F3W2W7F+4V3Bvpfyko/2u1VqtBzDJ2S8J4KV6p3e0uLVM7vQ5q9b0g5ES1H2j6O0M+qhH0/7MDLxF0R6R0Yv3w==
  dependencies:
    safe-buffer "5.2.1"

content-type@~1.0.5:
  version "1.0.5"
  resolved "https://registry.yarnpkg.com/content-type/-/content-type-1.0.5.tgz#fba5f3e479d4d8d2f4f2dd6af1b1d45b9dfd1b5f"
  integrity sha512-zsww9c6dLjgHU6f2j7VsbM4TtQ8nIY7lqHfJ4wQv+6ZB++/bsSwU2D5RltgS5T1X2CkwbHpooA4K2o6LwJk9pQ==

cookie@0.6.0:
  version "0.6.0"
  resolved "https://registry.yarnpkg.com/cookie/-/cookie-0.6.0.tgz#f6aef4907205c3a248dd6d74a9263d4d2ce30e29"
  integrity sha512-U71cyTamuh7rU9PP6hB+5e4cE2yRV5yE6rxH1LVRx0c9G0Rke0gxl6wUob2z1HnC4I9qV9eRAjH1L0xZce4Y1w==

cookie-signature@1.0.6:
  version "1.0.6"
  resolved "https://registry.yarnpkg.com/cookie-signature/-/cookie-signature-1.0.6.tgz#e303a882b341b64cc1e5a4c3a17a259c3d96f9a7"
  integrity sha512-QAD6o0ZvNb3T2P3A2kGrmZl5Q75yS5dBz4zN7US9fCvx3G2VYp9a5Vt8L6Rj5pE1chR3rdeH5+09xC3E1w5U2w==

debug@2.6.9:
  version "2.6.9"
  resolved "https://registry.yarnpkg.com/debug/-/debug-2.6.9.tgz#5d1285156f916ff59f4f3c5ed6bfee2e91b5a6c9"
  integrity sha512-bC7ElrdJaJnPbAP+1EotYvqSBuF3kht8tjzSx3fQxGvbZgX3oR7ihDTq8BN3m0sb0qH+q4LPV7gB3R8o6tTgCg==
  dependencies:
    ms "2.0.0"

debug@4:
  version "4.3.4"
  resolved "https://registry.yarnpkg.com/debug/-/debug-4.3.4.tgz#1319b5c2bf9b4da97d24b28b6c24f61c0f5e2a17"
  integrity sha512-8q/1W3gjFEbHQLLxwSYT58LxPjd4C2CeBfXU3XQLfSYXnB28T5DqVDfJ2uGus9U2YyVBv1QFQSS3nd9jKifQ9w==
  dependencies:
    ms "2.1.2"

depd@2.0.0:
  version "2.0.0"
  resolved "https://registry.yarnpkg.com/depd/-/depd-2.0.0.tgz#5db1ec64c2c1d41c6f5c984f7bf3635c21549336"
  integrity sha512-4oE6J0Bkhf71Z6nOZ1z9lSmO5H0wzE4b3eO7h/f4U9XUvW3H3wyb/9vW2yRzx4uQdG1o0t2l4k8K7F0w2k4r7Q==

destroy@1.2.0:
  version "1.2.0"
  resolved "https://registry.yarnpkg.com/destroy/-/destroy-1.2.0.tgz#45c2ab7d729e0ff0e0ed12c3e0bca5f7d6f6d0e2"
  integrity sha512-2sJfB7xX39gUasvJk5JvM0pUeJ2wL8dTnY5Pp7QPA3HVK6C3Jd76krxP17TnH3T2W7vZ1+H3G+gE4VoeE0cXyA==

ee-first@1.1.1:
  version "1.1.1"
  resolved "https://registry.yarnpkg.com/ee-first/-/ee-first-1.1.1.tgz#590c61156b6d7f6db5dbe9f7f2f7bfc1791f4e8c"
  integrity sha512-tK+vQ7jJQYCVB0jvA7xkNdUj5H5TyC+vY2SXTMs2hP0PfK5c7VwwG5+oJp3T0+v7wVfVgV3dPHB1G1hN4mgqdQ==

encodeurl@~1.0.2:
  version "1.0.2"
  resolved "https://registry.yarnpkg.com/encodeurl/-/encodeurl-1.0.2.tgz#9e3f0c7c4e75babbdf9a2bbf603ef7b2c6b2d0b8"
  integrity sha512-9G0/J3H8L0ad8Y/1XUOX8PQqV+H0bV5yVf7sE6vvZ7Yx0M1nq2xT1Yljp7bqUQy0I2y3ZJgwdwZl1lQDRc6QnQ==

escape-html@~1.0.3:
  version "1.0.3"
  resolved "https://registry.yarnpkg.com/escape-html/-/escape-html-1.0.3.tgz#025d8b00fef46a39d450f6c9d1cb0f5f4cb7b9d7"
  integrity sha512-dBoWk2EwZ9M6D70nd1B2Qx76P0MbUuQ0ZJ2h7OqU8u8P0Qh8fNf+Gx3+CVaM2k5zGfKcz8D0S4E5la3dOAGYow==

etag@~1.8.1:
  version "1.8.1"
  resolved "https://registry.yarnpkg.com/etag/-/etag-1.8.1.tgz#41ae2eeb3f4f6a9d7a14d2ff21c8f93d6b6d9de5"
  integrity sha512-9tYk7uGzQw4G8K4XGchXhREz+PAmVJQuXU2IuJ26+2lRrA8tsewqerj8j2uix9Mgjb8v0VWn2fV3c0hF2Q1C8w==

express@^4.19.2:
  version "4.19.2"
  resolved "https://registry.yarnpkg.com/express/-/express-4.19.2.tgz#9c7a5d1d5e3fd2bc3f4f2df8b2f0a605ef2b8f25"
  integrity sha512-qcPxHILn0gtsG8MJ7hF5O+37qPMbAwG2kWJ8g6Hchv6yxzVtAZ4Zbq1O69x3cI8axKe5d6QWmo2XbHji2a3t3A==
  dependencies:
    accepts "~1.3.8"
    array-flatten "1.1.1"
    body-parser "1.20.2"
    content-disposition "0.5.4"
    content-type "~1.0.5"
    cookie "0.6.0"
    cookie-signature "1.0.6"
    debug "2.6.9"
    depd "2.0.0"
    encodeurl "~1.0.2"
    escape-html "~1.0.3"
    etag "~1.8.1"
    finalhandler "1.2.0"
    fresh "0.5.2"
    http-errors "2.0.0"
    merge-descriptors "1.0.1"
    methods "~1.1.2"
    on-finished "2.4.1"
    parseurl "~1.3.3"
    path-to-regexp "0.1.7"
    proxy-addr "~2.0.7"
    qs "6.11.0"
    range-parser "~1.2.1"
    safe-buffer "5.2.1"
    send "0.18.0"
    serve-static "1.15.0"
    setprototypeof "1.2.0"
    statuses "2.0.1"
    type-is "~1.6.18"
    utils-merge "1.0.1"
    vary "~1.1.2"

finalhandler@1.2.0:
  version "1.2.0"
  resolved "https://registry.yarnpkg.com/finalhandler/-/finalhandler-1.2.0.tgz#f3a7b742e4b8f1c5c7b94c1e502f4e4c5d9fbf2b"
  integrity sha512-5nE1m1x4X0I9ATaU5K1pWgPqv1Avw7Z7Jfp0kYdJvIdl1VJ5r0V7O+3mB4LqWmP+2C+zY6Xl2Ho6Z2pY6M+2VQ==
  dependencies:
    debug "2.6.9"
    encodeurl "~1.0.2"
    escape-html "~1.0.3"
    on-finished "2.4.1"
    parseurl "~1.3.3"
    statuses "2.0.1"
    unpipe "1.0.0"

follow-redirects@^1.15.6:
  version "1.15.6"
  resolved "https://registry.yarnpkg.com/follow-redirects/-/follow-redirects-1.15.6.tgz#8e3c0b19791f7366f5c6dc0a1c45ee0a9c08a56b"
  integrity sha512-wWNXK7dM0q4Zf9O3xTT57mV4x7o4Kz5b6hUOa8GZV+Aj0JJz7hTnNaT/2x4FevB/5wy8Lmd9t22i6xgM6y2dXg==

form-data@^4.0.4:
  version "4.0.4"
  resolved "https://registry.yarnpkg.com/form-data/-/form-data-4.0.4.tgz#69d5d14a9b7c07b4c1bbf0c5d52c1b88d8f5db31"
  integrity sha512-wW1gxN3wssu3G6L5TX2GmbKJ0zvS3xXf0mU+5f1Q6Q1qAmdqYI3u4b8+GkqFQgO8B7F5qNLV2Nq4i0S2BKD7xA==
  dependencies:
    asynckit "^0.4.0"
    combined-stream "^1.0.8"
    mime-types "^2.1.12"

fresh@0.5.2:
  version "0.5.2"
  resolved "https://registry.yarnpkg.com/fresh/-/fresh-0.5.2.tgz#3d8cadd90d976569fa835ab1f8e4b23a105605a7"
  integrity sha512-z9YR0XrY5Xwxu0G4e9Jqv+0S1+zDaYDR6j0K0nAs6o+oF+f9g1Po9FuO6b7FGDSe8ZpNlARWbF50yUxq3D8qzA==

get-intrinsic@^1.2.4:
  version "1.2.4"
  resolved "https://registry.yarnpkg.com/get-intrinsic/-/get-intrinsic-1.2.4.tgz#5805dcf8b622b33f675a3c1d1e34c2e1b1743d74"
  integrity sha512-4V8v8pdmZ3HkrJ0l9wqjV6mWJ1XQF9sVbE1o/8PMTz8rwSIF5X9I5Wg1bUQadst+H7RmqWcIO8GgFHbP6L2Hqw==
  dependencies:
    es-define-property "^1.0.0"
    es-errors "^1.3.0"
    function-bind "^1.1.2"
    has-proto "^1.0.1"
    has-symbols "^1.0.3"

google-auth-library@^9.0.0:
  version "9.12.0"
  resolved "https://registry.yarnpkg.com/google-auth-library/-/google-auth-library-9.12.0.tgz#9d3a7f18b9a3c3e8c5c2d1cc43a58fb470fda1a4"
  integrity sha512-YZ19eFYqJkJ4I7m+6s4E1F9yph8aY/zu8olwnx0tP5IBB0Qb0nW0zIcsj4yJ2gXKtbx+7mHnG60S0mCv6mr3UQ==
  dependencies:
    agent-base "^7.1.2"
    arrify "^2.0.1"
    gaxios "^6.0.3"
    google-logging-utils "^0.0.2"
    gtoken "^7.0.0"
    jws "^4.0.0"

google-logging-utils@^0.0.2:
  version "0.0.2"
  resolved "https://registry.yarnpkg.com/google-logging-utils/-/google-logging-utils-0.0.2.tgz#931c17c9a8f97c63d7c9a7dff12d2f32d4bfed7b"
  integrity sha512-5hL+R9n4mTTXg7Hc+4FqbV6bA7VgVv6wH+aei2w2pCEd8kNv5y5pX91yXvI4KkR6y0dQ4xv7+gQH0+z2j9d0g==

googleapis@^169.0.0:
  version "169.0.0"
  resolved "https://registry.yarnpkg.com/googleapis/-/googleapis-169.0.0.tgz#0bcb7b4e6a2c0d24788a5fdb3d2df53b37b8f9e9"
  integrity sha512-XdG2HRSg0Y5CEjL6B4q3V/BN0c2qqZQJ3gk6a0DCLl7GNi2B1K6sY2Ivx0XnTz2A+e3QG9Q9k1DbpH3qT9t3gg==
  dependencies:
    google-auth-library "^9.0.0"
    googleapis-common "^7.0.0"

googleapis-common@^7.0.0:
  version "7.1.1"
  resolved "https://registry.yarnpkg.com/googleapis-common/-/googleapis-common-7.1.1.tgz#dc923c49c4e01e03f338b1f0c6aa4b443e9f6a3c"
  integrity sha512-pw0sj1e2Yz2YhI5h9PXV2lKX9I3QwzrvJ/L6N2xQp2C9yXKqCbdtB0A5c1svmJmJ6OwhT6L9UV4hOtkJf61c4Q==
  dependencies:
    extend "^3.0.2"
    gaxios "^6.0.3"
    google-auth-library "^9.0.0"
    qs "^6.11.0"
    uuid "^9.0.0"

gtoken@^7.0.0:
  version "7.0.1"
  resolved "https://registry.yarnpkg.com/gtoken/-/gtoken-7.0.1.tgz#f1f5c6a213c98f8f3dc0a16d3e1e9a5c4d2b87d6"
  integrity sha512-+VuhK4Yv4eOYWQvUb9H0L0uqFqvX2drV4bprrA1L0d9z8iN7M9B2Qqk2mO4XfcP/W0w6g3F0QBTxJ3G8YthlfA==
  dependencies:
    gaxios "^6.0.3"
    google-logging-utils "^0.0.2"
    jws "^4.0.0"

has-proto@^1.0.1:
  version "1.0.3"
  resolved "https://registry.yarnpkg.com/has-proto/-/has-proto-1.0.3.tgz#9d4f4fcf2a3d2d77c34ab1f4d71b68b5fdbf4c79"
  integrity sha512-6J+4f0Q0mLh1s3k2OCvH5N0m2vYbN6sQoumcBN3l8A2HqV/7q4U2r0h9M+v4aF1w4KfP3gjkY13mQ8wHnGk6Ug==

has-symbols@^1.0.3:
  version "1.0.3"
  resolved "https://registry.yarnpkg.com/has-symbols/-/has-symbols-1.0.3.tgz#c9f2b0d7be6c8b7f1e6c8e2c1a6c9fdd3b5f8d14"
  integrity sha512-+05J5Iu3H6N0Z0fMQ9eSxQ0J5t8rR0nFWrD+X+H9aG88B2r01jOEU2z1k1p/x1rfw25r0y9rE5xV9oGkZk8qjg==

http-errors@2.0.0:
  version "2.0.0"
  resolved "https://registry.yarnpkg.com/http-errors/-/http-errors-2.0.0.tgz#4a4f2a7f4fbd0b21a89f8821eae6b504ebfa1b72"
  integrity sha512-FdwrLk4r8mI+K1k0+T3nS0uh6Xv0m9A69OQ0u8pfxYIFP1iH8+4dM5K0mxCGB7qXb5jC9i1rH2XHc9J8O3sA9Q==
  dependencies:
    depd "2.0.0"
    inherits "2.0.4"
    setprototypeof "1.2.0"
    statuses "2.0.1"
    toidentifier "1.0.1"

inherits@2.0.4:
  version "2.0.4"
  resolved "https://registry.yarnpkg.com/inherits/-/inherits-2.0.4.tgz#0fa2c64f932917c3430b1f5a6b7f2d78f8fa2a0f"
  integrity sha512-k/vGaXg5Cpm6G9xj5nLg/FyqXjWneID2+uJQ2R/3+VnNwq2bK0wYa8o5iVGKc4xE8H2Lq8MbE5tF+P8VotG06A==

iconv-lite@0.4.24:
  version "0.4.24"
  resolved "https://registry.yarnpkg.com/iconv-lite/-/iconv-lite-0.4.24.tgz#2022b4c67a4a00546d6b54e026999a4c8d74931a"
  integrity sha512-8dZBm9VsB92K5UQ0zYw1k6ro1TkgO3hS2g2S7G6Q8B0pXf2YFeXhJtMGsyf3MR3sC5KX8x8q7ZfQn1A64uQ+CA==
  dependencies:
    safer-buffer "2.1.2"

jwa@^2.0.0:
  version "2.0.0"
  resolved "https://registry.yarnpkg.com/jwa/-/jwa-2.0.0.tgz#cd2ac1d1484317f9d2bb0b7035c4f7b0a8d4bff0"
  integrity sha512-ESR9wzO4tY7+1BvxY0cmH3M/FX0B2rQvkPBI+v6i7h1jHJ1xL5tdh5A7dIn5gD5zYcBC+R96n9QGcw5EJq7E8w==
  dependencies:
    buffer-equal-constant-time "1.0.1"
    ecdsa-sig-formatter "1.0.11"

jws@^4.0.0:
  version "4.0.0"
  resolved "https://registry.yarnpkg.com/jws/-/jws-4.0.0.tgz#b0f0c56b6d5dd01dc4b1de58aa2f37d1ae5dbb86"
  integrity sha512-y4s2e2V7Ac7eEwzP0W2yGfHXY4XG6agjy9B4VZV1YgRmK70ZzD4s1J4I4AC5y0A8P5HI+S2+4wKx37J0Hx0VFA==
  dependencies:
    jwa "^2.0.0"
    safe-buffer "^5.0.1"

methods@~1.1.2:
  version "1.1.2"
  resolved "https://registry.yarnpkg.com/methods/-/methods-1.1.2.tgz#bb96cfde3b30bded8ed1c2ab9e0d8a8275f54758"
  integrity sha512-6b8W5+WqR4M4PZx1jB5TtC1a4H9LLDQ1yNwXjV7x8dU0qHxdmXWTEoQ0x3J63rS2WQkB2I1tOlr2fE9R0Zc5oQ==

mime-db@1.52.0:
  version "1.52.0"
  resolved "https://registry.yarnpkg.com/mime-db/-/mime-db-1.52.0.tgz#e2fbe8f2210b1ed0ac3a96a4b47b5a6a9f210d2b"
  integrity sha512-0Pr9XQc4tK1TByoQNX7qV3Bftv/QaJwlb9O0cSy8C8V+HHi8eV9Kf+ylrD0mR4kM9gQ+htFv8b9Xo3S6HTzVnA==

mime-types@~2.1.34, mime-types@^2.1.12:
  version "2.1.35"
  resolved "https://registry.yarnpkg.com/mime-types/-/mime-types-2.1.35.tgz#381e85f1a3c1b7f1132d95a7fe0f22a2ef5a452a"
  integrity sha512-9ZpJr7wM2zvaY2i/9Cco8tYkPVVIn4fSgM1DR7G0VbRjP/CjD2fTjzD8u8i0n0a8I5JPmxfqL0/38f4jOqS2hg==
  dependencies:
    mime-db "1.52.0"

ms@2.0.0:
  version "2.0.0"
  resolved "https://registry.yarnpkg.com/ms/-/ms-2.0.0.tgz#5608a43e9a6e7a2ed1c564b2bd8d70bdf7d6b5b0"
  integrity sha512-TppOZ9l6bzD1hAP/2S9ckgJ1wA0T3Ip5oQ8y5tGdTRg0lG5YP8GSR4Vgi1LRSXv2ANM7QF6VZc9GylPD6mQ2ng==

ms@2.1.2:
  version "2.1.2"
  resolved "https://registry.yarnpkg.com/ms/-/ms-2.1.2.tgz#d09d1f357b4436e5c8354f4b5cbe0d07f74f9d21"
  integrity sha512-sGkVrOF4rN5d4j5sTleXW+uPo2v8nWkFJ7pZThD8vUQ8nR0A5eK0jJfHkKQm4VLMG5Xo0O2M5wXgqRg3K6eG3A==

negotiator@0.6.3:
  version "0.6.3"
  resolved "https://registry.yarnpkg.com/negotiator/-/negotiator-0.6.3.tgz#84bba7a526c0b2f3f1df2b8c5e87b83b6b2a4d19"
  integrity sha512-+2n9kqgUhsC7EoI2k0ZfFkl3S1Vj9H6K7m6W3OFGZ0s2B8X0UDFyGlE7h3AYZbxXOCmU3Z2VgS8J3B3E0R8G6A==

on-finished@2.4.1:
  version "2.4.1"
  resolved "https://registry.yarnpkg.com/on-finished/-/on-finished-2.4.1.tgz#dc83c7fdf5a2ed9a3d78f9ff0d6e6ec64a9f95b8"
  integrity sha512-2JYvBt1qUO7x/1i/8yuOniV0M5uT6Evd+hu6aT0Q6tBOgQ+YQjH5tk9iAI5Xj7TuWaaQ9E8Y3v8UQ0zG8i1A2Q==
  dependencies:
    ee-first "1.1.1"

parseurl@~1.3.3:
  version "1.3.3"
  resolved "https://registry.yarnpkg.com/parseurl/-/parseurl-1.3.3.tgz#2c032f8096e8f60a47c1c89a08c106859a4b77d0"
  integrity sha512-wW4tM7Tjz7m3t+f7+e9RILUqM0X0xZrcfjcWZ/8Is7gi8H5UGA1Rz9Zp1a0J4Q/S1gG2DxfP5Zb3PZb8aGg7+Q==

path-to-regexp@0.1.7:
  version "0.1.7"
  resolved "https://registry.yarnpkg.com/path-to-regexp/-/path-to-regexp-0.1.7.tgz#df604178005f522f15eb4490e7247a1bfaa67f8c"
  integrity sha512-WQ+raGi+tWeY6oW5+fS7oC63iNfY+X5oN0G5sTHh/3yL2WD1LeQ1TT2BgmD4X1PaImwU7mPshL8oD2c+ZgS4lg==

proxy-addr@~2.0.7:
  version "2.0.7"
  resolved "https://registry.yarnpkg.com/proxy-addr/-/proxy-addr-2.0.7.tgz#f19fe69ceab311eeb94b42e69c7721e8b0d5f613"
  integrity sha512-0Z1d0xf2lGsvu7fZ1R5i8+N5K3m9oX+zTb2MZQ1mP5IGiSsxX2xG3c8bU2VwpeZfO+W2G0fJq3M2RBO3q62n1g==
  dependencies:
    forwarded "0.2.0"
    ipaddr.js "1.9.1"

qs@6.11.0:
  version "6.11.0"
  resolved "https://registry.yarnpkg.com/qs/-/qs-6.11.0.tgz#f74a57fe4f1a9eae2c979a2b4bc24a167ef0f6c4"
  integrity sha512-0LAPc5e3k7CqvJ2nS0O6oWlYwF1iIdEr4q+q7G8D2c1Rpd4qGf0s7vKX2EQFfTt2P31G8qRokC+3Z5dV8a1V3A==
  dependencies:
    side-channel "^1.0.4"

range-parser@~1.2.1:
  version "1.2.1"
  resolved "https://registry.yarnpkg.com/range-parser/-/range-parser-1.2.1.tgz#0a402c2ea0a4c82e994c8c8576a08a45a2d5d24e"
  integrity sha512-Hr2OnLKebH0fYj5Y5c4LImuI1v8bM+5Tizv4s3N2fWw9ZlO2b2bF/9xE7uMj5bD5vGQ3h4y3QFOnS1d2wNfwWg==

raw-body@2.5.2:
  version "2.5.2"
  resolved "https://registry.yarnpkg.com/raw-body/-/raw-body-2.5.2.tgz#f415c6c90e93e6a7a5b3c71fd5b17c4f9f003986"
  integrity sha512-8D45V45lb3Ue0RTHWyzP+Tg0ESeWQxxsWz1uZs9+8q9wqV6z8RkNl8xrtgQ2/afH9QckdE6mBvRrZ1XfW0H6Zg==
  dependencies:
    bytes "3.1.2"
    http-errors "2.0.0"
    iconv-lite "0.4.24"
    unpipe "1.0.0"

safe-buffer@5.2.1, safe-buffer@^5.0.1:
  version "5.2.1"
  resolved "https://registry.yarnpkg.com/safe-buffer/-/safe-buffer-5.2.1.tgz#cb4c52bca0a048f9be3fef59f80f8fe1a4d0f9c8"
  integrity sha512-rp3So07KZ0nV5e0dXQ4+Jx9jC2f9nO9A1k4vY3w9gBf4gCe2myL1NQqQczQJZFFoPZ1t5dG0hUxWf0dYt3jGBA==

send@0.18.0:
  version "0.18.0"
  resolved "https://registry.yarnpkg.com/send/-/send-0.18.0.tgz#5ed45d60a8b605d27c84a4d22fd9b9e58d1f9b11"
  integrity sha512-qqW3r4YZy7Kz7Vwyt0s/6o3pTS3BY4N5y3q2iK9p9m7p0Quo+9Tbr7j/VjMr9eJ53z5/2iWv12CeXg6S4y9Wtw==
  dependencies:
    debug "2.6.9"
    depd "2.0.0"
    destroy "1.2.0"
    encodeurl "~1.0.2"
    escape-html "~1.0.3"
    etag "~1.8.1"
    fresh "0.5.2"
    http-errors "2.0.0"
    mime "1.6.0"
    ms "2.1.2"
    on-finished "2.4.1"
    range-parser "~1.2.1"
    statuses "2.0.1"

serve-static@1.15.0:
  version "1.15.0"
  resolved "https://registry.yarnpkg.com/serve-static/-/serve-static-1.15.0.tgz#d4c0b7e6f6a5f0d0eb4d8c8c381332db0f3c8621"
  integrity sha512-9nD58eMzVRq3z0Y2H0Jr94ctkNgbHkH7T9kOZy1f7A8A9o87P98VFYEtq2IV3i7drWwBvYqg+2Z2HkJ9dTDzNQ==
  dependencies:
    encodeurl "~1.0.2"
    escape-html "~1.0.3"
    parseurl "~1.3.3"
    send "0.18.0"

setprototypeof@1.2.0:
  version "1.2.0"
  resolved "https://registry.yarnpkg.com/setprototypeof/-/setprototypeof-1.2.0.tgz#66c9a24b69b4fe7d7e37d6c9adf57cb6a6c1fd64"
  integrity sha512-DpQ1t3J0PXXlB+g9W8e7m4VfF5VxxuIhS0v44HDa6a9r4Aq0i3CgTg7Lz28j4t6bKXzL6L6OjPXqae0y6ZZ0jw==

statuses@2.0.1:
  version "2.0.1"
  resolved "https://registry.yarnpkg.com/statuses/-/statuses-2.0.1.tgz#3f408b90e803d89e4e2f4a6f5f8f9aef7c708f89"
  integrity sha512-Ru+ZmqV3q8P8Up3fqq93nS0vT+U2sLEH6GBq0bGZ+g5T1V31N4lA0Y8qA0b0z5W9Pn1Cj7w2tZ1C1X2vXcB4vA==

type-is@~1.6.18:
  version "1.6.18"
  resolved "https://registry.yarnpkg.com/type-is/-/type-is-1.6.18.tgz#4e552cd05df09467d3720c725c2d8c8d9b0b08d2"
  integrity sha512-T3yOq0+q35Z3eH86Uzd7oV6YqJ3YyH0JmUbzUGxU2QY4HnVPcQKZQ/3Lm4j7QH3xwF6kAzo5S/8fW3Hq6W3osA==
  dependencies:
    media-typer "0.3.0"
    mime-types "~2.1.24"

unpipe@1.0.0:
  version "1.0.0"
  resolved "https://registry.yarnpkg.com/unpipe/-/unpipe-1.0.0.tgz#b2a82a9f8f5d1b5e6c7c2a2f1c1ac2e78d99a34a"
  integrity sha512-5w9v0xReSIlb0f3P4c9t+0Y6zqG5F7bwdc7Vv/AY9V5zM2EClq6O0bO4Nre/y9g2Z8Q3q0rYcX2QG8x3L2uW1Q==

utils-merge@1.0.1:
  version "1.0.1"
  resolved "https://registry.yarnpkg.com/utils-merge/-/utils-merge-1.0.1.tgz#9f95710f50a267947b76087c7be0f4fe9d27e5a0"
  integrity sha512-0T9mI3+Z9Xk3E/fh+YJxTDwI/CS9G+GxVxH8e0oK4VFl5r5c2lXbQ4O1b6sbmY8aZfTMS2v2e4W3fj+6T7tQUQ==

uuid@^9.0.0:
  version "9.0.1"
  resolved "https://registry.yarnpkg.com/uuid/-/uuid-9.0.1.tgz#fd09b9f59b1f5e8b8ce2ce37b69ff52ec6d2fdde"
  integrity sha512-0lJ5WOTvGT6S0G5x7jphM5iOR13d7j7nTZc4C3dG4sVb3m1pR8NhC+VgI8nX69lZVQH3g+8qFQbi1g3C7tQx7w==

vary@~1.1.2:
  version "1.1.2"
  resolved "https://registry.yarnpkg.com/vary/-/vary-1.1.2.tgz#9a01c373fd9b5f45efdd5dd7f3c0bf9e89c5c3f7"
  integrity sha512-7x4GfEdX1bG6U7tZ5d5rFv2M2gNvpuOKO7h+RWEg1FZLQfRb3zMNp5LZlV8FQJ3uZr2oU8ByIxW2i1TzFQj4mA==
